PODS:
  - camera_widget (0.0.1):
    - Flutter
  - Flutter (1.0.0)

DEPENDENCIES:
  - camera_widget (from `.symlinks/plugins/camera_widget/ios`)
  - Flutter (from `Flutter`)

EXTERNAL SOURCES:
  camera_widget:
    :path: ".symlinks/plugins/camera_widget/ios"
  Flutter:
    :path: Flutter

SPEC CHECKSUMS:
  camera_widget: b2622d2a4a90f96655e61ca039afe1484f35c828
  Flutter: 0e3d915762c693b495b44d77113d4970485de6ec

PODFILE CHECKSUM: aafe91acc616949ddb318b77800a7f51bffa2a4c

COCOAPODS: 1.8.0
